
Microsoft Visual Studio Solution File, Format Version 12.00
# Visual Studio Version 16
VisualStudioVersion = 16.0.31624.102
MinimumVisualStudioVersion = 10.0.40219.1
Project("{9A19103F-16F7-4668-BE54-9A1E7A4F7556}") = "Task_1", "Task_1\Task_1.csproj", "{B720B210-EC70-4A2F-B371-2A373D67FA9F}"
EndProject
Project("{9A19103F-16F7-4668-BE54-9A1E7A4F7556}") = "Task_2", "Task_2\Task_2.csproj", "{1131AC28-85B6-4EEF-B472-C3741D011C18}"
EndProject
Project("{FAE04EC0-301F-11D3-BF4B-00C04F79EFBC}") = "Task_3", "Task_3\Task_3.csproj", "{8802366C-652B-4B70-BA08-5F91FD0E5CBC}"
EndProject
Project("{FAE04EC0-301F-11D3-BF4B-00C04F79EFBC}") = "Task_4", "Task_4\Task_4.csproj", "{BCAE8D06-212A-4048-AF71-3838FE9B4EB0}"
EndProject
Project("{FAE04EC0-301F-11D3-BF4B-00C04F79EFBC}") = "Task_5", "Task_5\Task_5.csproj", "{BEC87FD1-0025-46CA-92E1-4364CA89AEEF}"
EndProject
Global
	GlobalSection(SolutionConfigurationPlatforms) = preSolution
		Debug|Any CPU = Debug|Any CPU
		Release|Any CPU = Release|Any CPU
	EndGlobalSection
	GlobalSection(ProjectConfigurationPlatforms) = postSolution
		{B720B210-EC70-4A2F-B371-2A373D67FA9F}.Debug|Any CPU.ActiveCfg = Debug|Any CPU
		{B720B210-EC70-4A2F-B371-2A373D67FA9F}.Debug|Any CPU.Build.0 = Debug|Any CPU
		{B720B210-EC70-4A2F-B371-2A373D67FA9F}.Release|Any CPU.ActiveCfg = Release|Any CPU
		{B720B210-EC70-4A2F-B371-2A373D67FA9F}.Release|Any CPU.Build.0 = Release|Any CPU
		{1131AC28-85B6-4EEF-B472-C3741D011C18}.Debug|Any CPU.ActiveCfg = Debug|Any CPU
		{1131AC28-85B6-4EEF-B472-C3741D011C18}.Debug|Any CPU.Build.0 = Debug|Any CPU
		{1131AC28-85B6-4EEF-B472-C3741D011C18}.Release|Any CPU.ActiveCfg = Release|Any CPU
		{1131AC28-85B6-4EEF-B472-C3741D011C18}.Release|Any CPU.Build.0 = Release|Any CPU
		{8802366C-652B-4B70-BA08-5F91FD0E5CBC}.Debug|Any CPU.ActiveCfg = Debug|Any CPU
		{8802366C-652B-4B70-BA08-5F91FD0E5CBC}.Debug|Any CPU.Build.0 = Debug|Any CPU
		{8802366C-652B-4B70-BA08-5F91FD0E5CBC}.Release|Any CPU.ActiveCfg = Release|Any CPU
		{8802366C-652B-4B70-BA08-5F91FD0E5CBC}.Release|Any CPU.Build.0 = Release|Any CPU
		{BCAE8D06-212A-4048-AF71-3838FE9B4EB0}.Debug|Any CPU.ActiveCfg = Debug|Any CPU
		{BCAE8D06-212A-4048-AF71-3838FE9B4EB0}.Debug|Any CPU.Build.0 = Debug|Any CPU
		{BCAE8D06-212A-4048-AF71-3838FE9B4EB0}.Release|Any CPU.ActiveCfg = Release|Any CPU
		{BCAE8D06-212A-4048-AF71-3838FE9B4EB0}.Release|Any CPU.Build.0 = Release|Any CPU
		{BEC87FD1-0025-46CA-92E1-4364CA89AEEF}.Debug|Any CPU.ActiveCfg = Debug|Any CPU
		{BEC87FD1-0025-46CA-92E1-4364CA89AEEF}.Debug|Any CPU.Build.0 = Debug|Any CPU
		{BEC87FD1-0025-46CA-92E1-4364CA89AEEF}.Release|Any CPU.ActiveCfg = Release|Any CPU
		{BEC87FD1-0025-46CA-92E1-4364CA89AEEF}.Release|Any CPU.Build.0 = Release|Any CPU
	EndGlobalSection
	GlobalSection(SolutionProperties) = preSolution
		HideSolutionNode = FALSE
	EndGlobalSection
	GlobalSection(ExtensibilityGlobals) = postSolution
		SolutionGuid = {C3635DE6-3671-4C2A-AF1D-FBB74F99BA33}
	EndGlobalSection
EndGlobal
