
Microsoft Visual Studio Solution File, Format Version 12.00
# Visual Studio Version 16
VisualStudioVersion = 16.0.31624.102
MinimumVisualStudioVersion = 10.0.40219.1
Project("{FAE04EC0-301F-11D3-BF4B-00C04F79EFBC}") = "Home_Work_7.8", "Home_Work_7.8.csproj", "{2EA7860B-8D67-4038-AC7E-79C14340C3B9}"
EndProject
Global
	GlobalSection(SolutionConfigurationPlatforms) = preSolution
		Debug|Any CPU = Debug|Any CPU
		Release|Any CPU = Release|Any CPU
	EndGlobalSection
	GlobalSection(ProjectConfigurationPlatforms) = postSolution
		{2EA7860B-8D67-4038-AC7E-79C14340C3B9}.Debug|Any CPU.ActiveCfg = Debug|Any CPU
		{2EA7860B-8D67-4038-AC7E-79C14340C3B9}.Debug|Any CPU.Build.0 = Debug|Any CPU
		{2EA7860B-8D67-4038-AC7E-79C14340C3B9}.Release|Any CPU.ActiveCfg = Release|Any CPU
		{2EA7860B-8D67-4038-AC7E-79C14340C3B9}.Release|Any CPU.Build.0 = Release|Any CPU
	EndGlobalSection
	GlobalSection(SolutionProperties) = preSolution
		HideSolutionNode = FALSE
	EndGlobalSection
	GlobalSection(ExtensibilityGlobals) = postSolution
		SolutionGuid = {7C43C145-D565-486B-B651-1FE560F23053}
	EndGlobalSection
EndGlobal
