
Microsoft Visual Studio Solution File, Format Version 12.00
# Visual Studio Version 16
VisualStudioVersion = 16.0.31613.86
MinimumVisualStudioVersion = 10.0.40219.1
Project("{9A19103F-16F7-4668-BE54-9A1E7A4F7556}") = "HW_4.8", "HW_4.8.csproj", "{3C6A8A15-02CE-4593-A2B1-54B3505E0199}"
EndProject
Project("{9A19103F-16F7-4668-BE54-9A1E7A4F7556}") = "Pascale_Triangle", "..\Pascale_Triangle\Pascale_Triangle.csproj", "{5BB8AE6E-C190-4F92-A6CD-27B287FCA22D}"
EndProject
Project("{FAE04EC0-301F-11D3-BF4B-00C04F79EFBC}") = "Matrix", "..\Matrix\Matrix.csproj", "{353B5F9D-1300-49EC-88AD-51A8660D7434}"
EndProject
Global
	GlobalSection(SolutionConfigurationPlatforms) = preSolution
		Debug|Any CPU = Debug|Any CPU
		Release|Any CPU = Release|Any CPU
	EndGlobalSection
	GlobalSection(ProjectConfigurationPlatforms) = postSolution
		{3C6A8A15-02CE-4593-A2B1-54B3505E0199}.Debug|Any CPU.ActiveCfg = Debug|Any CPU
		{3C6A8A15-02CE-4593-A2B1-54B3505E0199}.Debug|Any CPU.Build.0 = Debug|Any CPU
		{3C6A8A15-02CE-4593-A2B1-54B3505E0199}.Release|Any CPU.ActiveCfg = Release|Any CPU
		{3C6A8A15-02CE-4593-A2B1-54B3505E0199}.Release|Any CPU.Build.0 = Release|Any CPU
		{5BB8AE6E-C190-4F92-A6CD-27B287FCA22D}.Debug|Any CPU.ActiveCfg = Debug|Any CPU
		{5BB8AE6E-C190-4F92-A6CD-27B287FCA22D}.Debug|Any CPU.Build.0 = Debug|Any CPU
		{5BB8AE6E-C190-4F92-A6CD-27B287FCA22D}.Release|Any CPU.ActiveCfg = Release|Any CPU
		{5BB8AE6E-C190-4F92-A6CD-27B287FCA22D}.Release|Any CPU.Build.0 = Release|Any CPU
		{353B5F9D-1300-49EC-88AD-51A8660D7434}.Debug|Any CPU.ActiveCfg = Debug|Any CPU
		{353B5F9D-1300-49EC-88AD-51A8660D7434}.Debug|Any CPU.Build.0 = Debug|Any CPU
		{353B5F9D-1300-49EC-88AD-51A8660D7434}.Release|Any CPU.ActiveCfg = Release|Any CPU
		{353B5F9D-1300-49EC-88AD-51A8660D7434}.Release|Any CPU.Build.0 = Release|Any CPU
	EndGlobalSection
	GlobalSection(SolutionProperties) = preSolution
		HideSolutionNode = FALSE
	EndGlobalSection
	GlobalSection(ExtensibilityGlobals) = postSolution
		SolutionGuid = {F07A7C52-C3DD-4E90-ADB3-0CDF9B53C16F}
	EndGlobalSection
EndGlobal
